{
  "lockfileVersion": 1,
  "configVersion": 1,
  "workspaces": {
    "": {
      "name": "@adaptivelink/pops",
      "devDependencies": {
        "@adaptivelink/iata": "0.1.6",
        "typescript": "5.9.3",
      },
    },
  },
  "packages": {
    "@adaptivelink/iata": ["@adaptivelink/iata@0.1.6", "", {}, "sha512-XMWN5r6viKWTXg/uHXsnce9mXEH9b2laaokZiJYomkis5h4gF5hlDV/qoETLqTtIAfRCyeZKpj4Ac+6qnfkaFw=="],

    "typescript": ["typescript@5.9.3", "", { "bin": { "tsc": "bin/tsc", "tsserver": "bin/tsserver" } }, "sha512-jl1vZzPDinLr9eUt3J/t7V6FgNEw9QjvBPdysz9KfQDD41fQrC2Y4vKQdiaUpFT4bXlb1RHhLpp8wtm6M5TgSw=="],
  }
}
